
Microsoft Visual Studio Solution File, Format Version 12.00
# Visual Studio Version 16
VisualStudioVersion = 16.0.32630.194
MinimumVisualStudioVersion = 10.0.40219.1
Project("{FAE04EC0-301F-11D3-BF4B-00C04F79EFBC}") = "Semana 4 - Juego de parejas", "Semana 4 - Juego de parejas.csproj", "{9D8D552D-A8AE-4912-A374-318315A7AF62}"
EndProject
Global
	GlobalSection(SolutionConfigurationPlatforms) = preSolution
		Debug|Any CPU = Debug|Any CPU
		Release|Any CPU = Release|Any CPU
	EndGlobalSection
	GlobalSection(ProjectConfigurationPlatforms) = postSolution
		{9D8D552D-A8AE-4912-A374-318315A7AF62}.Debug|Any CPU.ActiveCfg = Debug|Any CPU
		{9D8D552D-A8AE-4912-A374-318315A7AF62}.Debug|Any CPU.Build.0 = Debug|Any CPU
		{9D8D552D-A8AE-4912-A374-318315A7AF62}.Release|Any CPU.ActiveCfg = Release|Any CPU
		{9D8D552D-A8AE-4912-A374-318315A7AF62}.Release|Any CPU.Build.0 = Release|Any CPU
	EndGlobalSection
	GlobalSection(SolutionProperties) = preSolution
		HideSolutionNode = FALSE
	EndGlobalSection
	GlobalSection(ExtensibilityGlobals) = postSolution
		SolutionGuid = {D59C972C-7CC2-4CAB-AC43-8F3A68EF1ABA}
	EndGlobalSection
EndGlobal
